
Microsoft Visual Studio Solution File, Format Version 12.00
# Visual Studio Version 17
VisualStudioVersion = 17.11.35303.130
MinimumVisualStudioVersion = 10.0.40219.1
Project("{FAE04EC0-301F-11D3-BF4B-00C04F79EFBC}") = "LIBRASYNCAPI", "LIBRASYNCAPI.csproj", "{1C2E2CE0-508B-47C6-889E-FFD8E5D0A4CE}"
EndProject
Global
	GlobalSection(SolutionConfigurationPlatforms) = preSolution
		Debug|Any CPU = Debug|Any CPU
		Release|Any CPU = Release|Any CPU
	EndGlobalSection
	GlobalSection(ProjectConfigurationPlatforms) = postSolution
		{1C2E2CE0-508B-47C6-889E-FFD8E5D0A4CE}.Debug|Any CPU.ActiveCfg = Debug|Any CPU
		{1C2E2CE0-508B-47C6-889E-FFD8E5D0A4CE}.Debug|Any CPU.Build.0 = Debug|Any CPU
		{1C2E2CE0-508B-47C6-889E-FFD8E5D0A4CE}.Release|Any CPU.ActiveCfg = Release|Any CPU
		{1C2E2CE0-508B-47C6-889E-FFD8E5D0A4CE}.Release|Any CPU.Build.0 = Release|Any CPU
	EndGlobalSection
	GlobalSection(SolutionProperties) = preSolution
		HideSolutionNode = FALSE
	EndGlobalSection
	GlobalSection(ExtensibilityGlobals) = postSolution
		SolutionGuid = {184436E8-9AA6-492E-A26A-6929CAA199AB}
	EndGlobalSection
EndGlobal
